
Microsoft Visual Studio Solution File, Format Version 12.00
# Visual Studio Version 17
VisualStudioVersion = 17.0.31612.314
MinimumVisualStudioVersion = 10.0.40219.1
Project("{2150E333-8FDC-42A3-9474-1A3956D46DE8}") = "Solution Items", "Solution Items", "{6B77AE20-3559-4A45-9013-7F44E409D28D}"
	ProjectSection(SolutionItems) = preProject
		CHANGELOG.md = CHANGELOG.md
		LICENSE.md = LICENSE.md
		README.md = README.md
	EndProjectSection
EndProject
Project("{9A19103F-16F7-4668-BE54-9A1E7A4F7556}") = "MDSoft.NetUtils", "MDSoft.NetUtils\MDSoft.NetUtils.csproj", "{E2DDB02B-1039-4327-B0B5-B73E966BCCF9}"
EndProject
Project("{9A19103F-16F7-4668-BE54-9A1E7A4F7556}") = "MDSoft.NetUtilsTests", "MDSoft.NetUtilsTests\MDSoft.NetUtilsTests.csproj", "{FA43B7BF-8091-453A-BBC1-23351E1F5A9D}"
EndProject
Global
	GlobalSection(SolutionConfigurationPlatforms) = preSolution
		Debug|Any CPU = Debug|Any CPU
		Release|Any CPU = Release|Any CPU
	EndGlobalSection
	GlobalSection(ProjectConfigurationPlatforms) = postSolution
		{E2DDB02B-1039-4327-B0B5-B73E966BCCF9}.Debug|Any CPU.ActiveCfg = Debug|Any CPU
		{E2DDB02B-1039-4327-B0B5-B73E966BCCF9}.Debug|Any CPU.Build.0 = Debug|Any CPU
		{E2DDB02B-1039-4327-B0B5-B73E966BCCF9}.Release|Any CPU.ActiveCfg = Release|Any CPU
		{E2DDB02B-1039-4327-B0B5-B73E966BCCF9}.Release|Any CPU.Build.0 = Release|Any CPU
		{FA43B7BF-8091-453A-BBC1-23351E1F5A9D}.Debug|Any CPU.ActiveCfg = Debug|Any CPU
		{FA43B7BF-8091-453A-BBC1-23351E1F5A9D}.Debug|Any CPU.Build.0 = Debug|Any CPU
		{FA43B7BF-8091-453A-BBC1-23351E1F5A9D}.Release|Any CPU.ActiveCfg = Release|Any CPU
		{FA43B7BF-8091-453A-BBC1-23351E1F5A9D}.Release|Any CPU.Build.0 = Release|Any CPU
	EndGlobalSection
	GlobalSection(SolutionProperties) = preSolution
		HideSolutionNode = FALSE
	EndGlobalSection
	GlobalSection(ExtensibilityGlobals) = postSolution
		SolutionGuid = {DF4C048F-4E3E-4F97-816A-74A5B82F5BDE}
	EndGlobalSection
EndGlobal
